
Microsoft Visual Studio Solution File, Format Version 12.00
# Visual Studio 15
VisualStudioVersion = 15.0.28307.329
MinimumVisualStudioVersion = 10.0.40219.1
Project("{FAE04EC0-301F-11D3-BF4B-00C04F79EFBC}") = "Arrays", "Arrays\Arrays.csproj", "{CF98DFED-8D51-4F81-9A9B-F3FF71D36ADF}"
EndProject
Global
	GlobalSection(SolutionConfigurationPlatforms) = preSolution
		Debug|Any CPU = Debug|Any CPU
		Release|Any CPU = Release|Any CPU
	EndGlobalSection
	GlobalSection(ProjectConfigurationPlatforms) = postSolution
		{CF98DFED-8D51-4F81-9A9B-F3FF71D36ADF}.Debug|Any CPU.ActiveCfg = Debug|Any CPU
		{CF98DFED-8D51-4F81-9A9B-F3FF71D36ADF}.Debug|Any CPU.Build.0 = Debug|Any CPU
		{CF98DFED-8D51-4F81-9A9B-F3FF71D36ADF}.Release|Any CPU.ActiveCfg = Release|Any CPU
		{CF98DFED-8D51-4F81-9A9B-F3FF71D36ADF}.Release|Any CPU.Build.0 = Release|Any CPU
	EndGlobalSection
	GlobalSection(SolutionProperties) = preSolution
		HideSolutionNode = FALSE
	EndGlobalSection
	GlobalSection(ExtensibilityGlobals) = postSolution
		SolutionGuid = {81D5CD35-8136-41CD-ABBB-80668D8D751C}
	EndGlobalSection
EndGlobal
